# This file is automatically @generated by Cargo.
# It is not intended for manual editing.
version = 3

[[package]]
name = "aggregator"
version = "0.1.0"

[[package]]
name = "alerting"
version = "0.1.0"

[[package]]
name = "aster"
version = "0.1.0"

[[package]]
name = "billable"
version = "0.1.0"

[[package]]
name = "billing"
version = "0.1.0"

[[package]]
name = "collector"
version = "0.1.0"

[[package]]
name = "common"
version = "0.1.0"

[[package]]
name = "connector"
version = "0.1.0"

[[package]]
name = "controller"
version = "0.1.0"

[[package]]
name = "dashboard"
version = "0.1.0"

[[package]]
name = "notification"
version = "0.1.0"
